
Microsoft Visual Studio Solution File, Format Version 10.00
# Visual Studio 2008
Project("{8BC9CEB8-8B4A-11D0-8D11-00A0C91BC942}") = "libfreerdp", "libfreerdp.vcproj", "{3D13BDCD-2E1D-45C0-AA5B-61A6330DED81}"
	ProjectSection(ProjectDependencies) = postProject
		{97445561-CA2C-46A2-A1C4-C7311C558C10} = {97445561-CA2C-46A2-A1C4-C7311C558C10}
	EndProjectSection
EndProject
Project("{8BC9CEB8-8B4A-11D0-8D11-00A0C91BC942}") = "wfreerdp", "wfreerdp\wfreerdp.vcproj", "{1BB89405-9CB0-4694-8E41-326238B14354}"
	ProjectSection(ProjectDependencies) = postProject
		{B64C0469-B9E5-4712-9800-D0F4A8DF20F9} = {B64C0469-B9E5-4712-9800-D0F4A8DF20F9}
	EndProjectSection
EndProject
Project("{8BC9CEB8-8B4A-11D0-8D11-00A0C91BC942}") = "libfreerdpchanman", "libfreerdpchanman.vcproj", "{B64C0469-B9E5-4712-9800-D0F4A8DF20F9}"
	ProjectSection(ProjectDependencies) = postProject
		{3D13BDCD-2E1D-45C0-AA5B-61A6330DED81} = {3D13BDCD-2E1D-45C0-AA5B-61A6330DED81}
	EndProjectSection
EndProject
Project("{8BC9CEB8-8B4A-11D0-8D11-00A0C91BC942}") = "libasn1", "libasn1.vcproj", "{97445561-CA2C-46A2-A1C4-C7311C558C10}"
EndProject
Global
	GlobalSection(SolutionConfigurationPlatforms) = preSolution
		Debug|Win32 = Debug|Win32
		Release|Win32 = Release|Win32
	EndGlobalSection
	GlobalSection(ProjectConfigurationPlatforms) = postSolution
		{3D13BDCD-2E1D-45C0-AA5B-61A6330DED81}.Debug|Win32.ActiveCfg = Debug|Win32
		{3D13BDCD-2E1D-45C0-AA5B-61A6330DED81}.Debug|Win32.Build.0 = Debug|Win32
		{3D13BDCD-2E1D-45C0-AA5B-61A6330DED81}.Release|Win32.ActiveCfg = Release|Win32
		{3D13BDCD-2E1D-45C0-AA5B-61A6330DED81}.Release|Win32.Build.0 = Release|Win32
		{1BB89405-9CB0-4694-8E41-326238B14354}.Debug|Win32.ActiveCfg = Debug|Win32
		{1BB89405-9CB0-4694-8E41-326238B14354}.Debug|Win32.Build.0 = Debug|Win32
		{1BB89405-9CB0-4694-8E41-326238B14354}.Release|Win32.ActiveCfg = Release|Win32
		{1BB89405-9CB0-4694-8E41-326238B14354}.Release|Win32.Build.0 = Release|Win32
		{B64C0469-B9E5-4712-9800-D0F4A8DF20F9}.Debug|Win32.ActiveCfg = Debug|Win32
		{B64C0469-B9E5-4712-9800-D0F4A8DF20F9}.Debug|Win32.Build.0 = Debug|Win32
		{B64C0469-B9E5-4712-9800-D0F4A8DF20F9}.Release|Win32.ActiveCfg = Release|Win32
		{B64C0469-B9E5-4712-9800-D0F4A8DF20F9}.Release|Win32.Build.0 = Release|Win32
		{97445561-CA2C-46A2-A1C4-C7311C558C10}.Debug|Win32.ActiveCfg = Debug|Win32
		{97445561-CA2C-46A2-A1C4-C7311C558C10}.Debug|Win32.Build.0 = Debug|Win32
		{97445561-CA2C-46A2-A1C4-C7311C558C10}.Release|Win32.ActiveCfg = Release|Win32
		{97445561-CA2C-46A2-A1C4-C7311C558C10}.Release|Win32.Build.0 = Release|Win32
	EndGlobalSection
	GlobalSection(SolutionProperties) = preSolution
		HideSolutionNode = FALSE
	EndGlobalSection
EndGlobal
